
Microsoft Visual Studio Solution File, Format Version 12.00
# Visual Studio Version 17
VisualStudioVersion = 17.7.34031.279
MinimumVisualStudioVersion = 10.0.40219.1
Project("{9A19103F-16F7-4668-BE54-9A1E7A4F7556}") = "Vernou.Swashbuckle.HttpResultsAdapter", "Vernou.Swashbuckle.HttpResultsAdapter\Vernou.Swashbuckle.HttpResultsAdapter.csproj", "{8BF4058C-EA81-4FD8-A87B-911274851A86}"
EndProject
Project("{9A19103F-16F7-4668-BE54-9A1E7A4F7556}") = "Vernou.Swashbuckle.HttpResultsAdapter.Demo", "Vernou.Swashbuckle.HttpResultsAdapter.Demo\Vernou.Swashbuckle.HttpResultsAdapter.Demo.csproj", "{F7C9AAF5-43FC-4AAC-A401-ADF87FA69AAA}"
EndProject
Project("{9A19103F-16F7-4668-BE54-9A1E7A4F7556}") = "Vernou.Swashbuckle.HttpResultsAdapter.Demo.Tests", "Vernou.Swashbuckle.HttpResultsAdapter.Demo.Tests\Vernou.Swashbuckle.HttpResultsAdapter.Demo.Tests.csproj", "{A7920181-FB56-454F-A99D-013EB510AEF5}"
EndProject
Project("{9A19103F-16F7-4668-BE54-9A1E7A4F7556}") = "Vernou.Swashbuckle.HttpResultsAdapter.Demo.Tests.WithXmlResponse", "Vernou.Swashbuckle.HttpResultsAdapter.Demo.Tests.WithXmlResponse\Vernou.Swashbuckle.HttpResultsAdapter.Demo.Tests.WithXmlResponse.csproj", "{BB12A4F8-2E43-446A-AD7F-46EB99AE69AE}"
EndProject
Project("{9A19103F-16F7-4668-BE54-9A1E7A4F7556}") = "Vernou.Swashbuckle.HttpResultsAdapter.Demo.WithMinimalApiEndpoints", "Vernou.Swashbuckle.HttpResultsAdapter.Demo.WithMinimalApiEndpoints\Vernou.Swashbuckle.HttpResultsAdapter.Demo.WithMinimalApiEndpoints.csproj", "{82A23FDE-7CCD-459E-AFB8-E135AF195B43}"
EndProject
Project("{FAE04EC0-301F-11D3-BF4B-00C04F79EFBC}") = "Vernou.Swashbuckle.HttpResultsAdapter.Demo.MinimalApi", "Vernou.Swashbuckle.HttpResultsAdapter.Demo.MinimalApi\Vernou.Swashbuckle.HttpResultsAdapter.Demo.MinimalApi.csproj", "{31BE91D0-AA89-49A6-AAC5-0876EA586D7F}"
EndProject
Global
	GlobalSection(SolutionConfigurationPlatforms) = preSolution
		Debug|Any CPU = Debug|Any CPU
		Release|Any CPU = Release|Any CPU
	EndGlobalSection
	GlobalSection(ProjectConfigurationPlatforms) = postSolution
		{8BF4058C-EA81-4FD8-A87B-911274851A86}.Debug|Any CPU.ActiveCfg = Debug|Any CPU
		{8BF4058C-EA81-4FD8-A87B-911274851A86}.Debug|Any CPU.Build.0 = Debug|Any CPU
		{8BF4058C-EA81-4FD8-A87B-911274851A86}.Release|Any CPU.ActiveCfg = Release|Any CPU
		{8BF4058C-EA81-4FD8-A87B-911274851A86}.Release|Any CPU.Build.0 = Release|Any CPU
		{F7C9AAF5-43FC-4AAC-A401-ADF87FA69AAA}.Debug|Any CPU.ActiveCfg = Debug|Any CPU
		{F7C9AAF5-43FC-4AAC-A401-ADF87FA69AAA}.Debug|Any CPU.Build.0 = Debug|Any CPU
		{F7C9AAF5-43FC-4AAC-A401-ADF87FA69AAA}.Release|Any CPU.ActiveCfg = Release|Any CPU
		{F7C9AAF5-43FC-4AAC-A401-ADF87FA69AAA}.Release|Any CPU.Build.0 = Release|Any CPU
		{A7920181-FB56-454F-A99D-013EB510AEF5}.Debug|Any CPU.ActiveCfg = Debug|Any CPU
		{A7920181-FB56-454F-A99D-013EB510AEF5}.Debug|Any CPU.Build.0 = Debug|Any CPU
		{A7920181-FB56-454F-A99D-013EB510AEF5}.Release|Any CPU.ActiveCfg = Release|Any CPU
		{A7920181-FB56-454F-A99D-013EB510AEF5}.Release|Any CPU.Build.0 = Release|Any CPU
		{BB12A4F8-2E43-446A-AD7F-46EB99AE69AE}.Debug|Any CPU.ActiveCfg = Debug|Any CPU
		{BB12A4F8-2E43-446A-AD7F-46EB99AE69AE}.Debug|Any CPU.Build.0 = Debug|Any CPU
		{BB12A4F8-2E43-446A-AD7F-46EB99AE69AE}.Release|Any CPU.ActiveCfg = Release|Any CPU
		{BB12A4F8-2E43-446A-AD7F-46EB99AE69AE}.Release|Any CPU.Build.0 = Release|Any CPU
		{82A23FDE-7CCD-459E-AFB8-E135AF195B43}.Debug|Any CPU.ActiveCfg = Debug|Any CPU
		{82A23FDE-7CCD-459E-AFB8-E135AF195B43}.Debug|Any CPU.Build.0 = Debug|Any CPU
		{82A23FDE-7CCD-459E-AFB8-E135AF195B43}.Release|Any CPU.ActiveCfg = Release|Any CPU
		{82A23FDE-7CCD-459E-AFB8-E135AF195B43}.Release|Any CPU.Build.0 = Release|Any CPU
		{31BE91D0-AA89-49A6-AAC5-0876EA586D7F}.Debug|Any CPU.ActiveCfg = Debug|Any CPU
		{31BE91D0-AA89-49A6-AAC5-0876EA586D7F}.Debug|Any CPU.Build.0 = Debug|Any CPU
		{31BE91D0-AA89-49A6-AAC5-0876EA586D7F}.Release|Any CPU.ActiveCfg = Release|Any CPU
		{31BE91D0-AA89-49A6-AAC5-0876EA586D7F}.Release|Any CPU.Build.0 = Release|Any CPU
	EndGlobalSection
	GlobalSection(SolutionProperties) = preSolution
		HideSolutionNode = FALSE
	EndGlobalSection
	GlobalSection(ExtensibilityGlobals) = postSolution
		SolutionGuid = {16D8B3A5-F50C-4F06-99C7-B3D5E1B242B5}
	EndGlobalSection
EndGlobal
